
Microsoft Visual Studio Solution File, Format Version 12.00
# Visual Studio Version 17
VisualStudioVersion = 17.9.34728.123
MinimumVisualStudioVersion = 10.0.40219.1
Project("{FAE04EC0-301F-11D3-BF4B-00C04F79EFBC}") = "MediaGenerator", "MediaGenerator\MediaGenerator.csproj", "{69532934-134C-495E-8BBF-421C2DFF2383}"
EndProject
Global
	GlobalSection(SolutionConfigurationPlatforms) = preSolution
		Debug|Any CPU = Debug|Any CPU
		Release|Any CPU = Release|Any CPU
	EndGlobalSection
	GlobalSection(ProjectConfigurationPlatforms) = postSolution
		{69532934-134C-495E-8BBF-421C2DFF2383}.Debug|Any CPU.ActiveCfg = Debug|Any CPU
		{69532934-134C-495E-8BBF-421C2DFF2383}.Debug|Any CPU.Build.0 = Debug|Any CPU
		{69532934-134C-495E-8BBF-421C2DFF2383}.Release|Any CPU.ActiveCfg = Release|Any CPU
		{69532934-134C-495E-8BBF-421C2DFF2383}.Release|Any CPU.Build.0 = Release|Any CPU
	EndGlobalSection
	GlobalSection(SolutionProperties) = preSolution
		HideSolutionNode = FALSE
	EndGlobalSection
	GlobalSection(ExtensibilityGlobals) = postSolution
		SolutionGuid = {10C954C4-1D6A-4D7A-B32F-7C1CEFCD8EF6}
	EndGlobalSection
EndGlobal
